# THIS IS AN AUTOGENERATED FILE. DO NOT EDIT THIS FILE DIRECTLY.
# yarn lockfile v1


bootstrap@^5.0.0-alpha1:
  version "5.0.0-alpha1"
  resolved "https://registry.yarnpkg.com/bootstrap/-/bootstrap-5.0.0-alpha1.tgz#cd35be4282bc930322bcbf1db23a8729c60a31cb"
  integrity sha512-iwKneP2pLXl8lN0YpnOuOARiNPTzmh/4cw+Un86u4OqrMLuQpyMC7nO07hvivvcg0B/ektJPjuPnS1s+YmRK9A==

typeface-jetbrains-mono@^2.0.0:
  version "2.0.0"
  resolved "https://registry.yarnpkg.com/typeface-jetbrains-mono/-/typeface-jetbrains-mono-2.0.0.tgz#f522311d18ae5681efce1699a99225b525b82e29"
  integrity sha512-QrIlq+Jtn5ghF0RUSa6WubXro+DmtBOC9M+YQeODd1fW31jPzvY1qRM0qiarIelLgoj4ytWrj6iXCPxcbDWavw==
